
Microsoft Visual Studio Solution File, Format Version 12.00
# Visual Studio Version 17
VisualStudioVersion = 17.4.33403.182
MinimumVisualStudioVersion = 10.0.40219.1
Project("{FAE04EC0-301F-11D3-BF4B-00C04F79EFBC}") = "Files Organizer", "Files Organizer\Files Organizer.csproj", "{877D41B0-7B9E-418D-8F94-726E0DDC8B0E}"
EndProject
Global
	GlobalSection(SolutionConfigurationPlatforms) = preSolution
		Debug|Any CPU = Debug|Any CPU
		Release|Any CPU = Release|Any CPU
	EndGlobalSection
	GlobalSection(ProjectConfigurationPlatforms) = postSolution
		{877D41B0-7B9E-418D-8F94-726E0DDC8B0E}.Debug|Any CPU.ActiveCfg = Debug|Any CPU
		{877D41B0-7B9E-418D-8F94-726E0DDC8B0E}.Debug|Any CPU.Build.0 = Debug|Any CPU
		{877D41B0-7B9E-418D-8F94-726E0DDC8B0E}.Release|Any CPU.ActiveCfg = Release|Any CPU
		{877D41B0-7B9E-418D-8F94-726E0DDC8B0E}.Release|Any CPU.Build.0 = Release|Any CPU
	EndGlobalSection
	GlobalSection(SolutionProperties) = preSolution
		HideSolutionNode = FALSE
	EndGlobalSection
	GlobalSection(ExtensibilityGlobals) = postSolution
		SolutionGuid = {262ADD1E-30E1-4A7B-841A-3284032F8FA1}
	EndGlobalSection
EndGlobal
